{
  "name": "projekt",
  "version": "0.1.0",
  "lockfileVersion": 3,
  "requires": true,
  "packages": {
    "": {
      "name": "projekt",
      "version": "0.1.0",
      "dependencies": {
        "@dnd-kit/core": "^6.3.1",
        "@radix-ui/react-dialog": "^1.1.17",
        "@radix-ui/react-dropdown-menu": "^2.1.18",
        "@radix-ui/react-popover": "^1.1.17",
        "@radix-ui/react-select": "^2.3.1",
        "@radix-ui/react-switch": "^1.3.1",
        "@radix-ui/react-tabs": "^1.1.15",
        "@tanstack/react-query": "^5.101.1",
        "@tauri-apps/api": "^2.11.1",
        "@tauri-apps/plugin-dialog": "^2.4.1",
        "@xterm/addon-fit": "^0.11.0",
        "@xterm/xterm": "^6.0.0",
        "lucide-react": "^1.21.0",
        "react": "^19.2.7",
        "react-dom": "^19.2.7",
        "zustand": "^5.0.14"
      },
      "devDependencies": {
        "@tailwindcss/vite": "^4.3.1",
        "@tauri-apps/cli": "^2.11.3",
        "@types/react": "^19.2.17",
        "@types/react-dom": "^19.2.3",
        "@vitejs/plugin-react": "^6.0.3",
        "tailwindcss": "^4.3.1",
        "typescript": "^6.0.3",
        "vite": "^8.1.0"
      }
    },
    "node_modules/@dnd-kit/accessibility": {
      "version": "3.1.1",
      "license": "MIT",
      "dependencies": {
        "tslib": "^2.0.0"
      },
      "peerDependencies": {
        "react": ">=16.8.0"
      }
    },
    "node_modules/@dnd-kit/core": {
      "version": "6.3.1",
      "license": "MIT",
      "dependencies": {
        "@dnd-kit/accessibility": "^3.1.1",
        "@dnd-kit/utilities": "^3.2.2",
        "tslib": "^2.0.0"
      },
      "peerDependencies": {
        "react": ">=16.8.0",
        "react-dom": ">=16.8.0"
      }
    },
    "node_modules/@dnd-kit/utilities": {
      "version": "3.2.2",
      "license": "MIT",
      "dependencies": {
        "tslib": "^2.0.0"
      },
      "peerDependencies": {
        "react": ">=16.8.0"
      }
    },
    "node_modules/@floating-ui/core": {
      "version": "1.7.5",
      "license": "MIT",
      "dependencies": {
        "@floating-ui/utils": "^0.2.11"
      }
    },
    "node_modules/@floating-ui/dom": {
      "version": "1.7.6",
      "license": "MIT",
      "dependencies": {
        "@floating-ui/core": "^1.7.5",
        "@floating-ui/utils": "^0.2.11"
      }
    },
    "node_modules/@floating-ui/react-dom": {
      "version": "2.1.8",
      "license": "MIT",
      "dependencies": {
        "@floating-ui/dom": "^1.7.6"
      },
      "peerDependencies": {
        "react": ">=16.8.0",
        "react-dom": ">=16.8.0"
      }
    },
    "node_modules/@floating-ui/utils": {
      "version": "0.2.11",
      "license": "MIT"
    },
    "node_modules/@jridgewell/gen-mapping": {
      "version": "0.3.13",
      "dev": true,
      "license": "MIT",
      "dependencies": {
        "@jridgewell/sourcemap-codec": "^1.5.0",
        "@jridgewell/trace-mapping": "^0.3.24"
      }
    },
    "node_modules/@jridgewell/remapping": {
      "version": "2.3.5",
      "dev": true,
      "license": "MIT",
      "dependencies": {
        "@jridgewell/gen-mapping": "^0.3.5",
        "@jridgewell/trace-mapping": "^0.3.24"
      }
    },
    "node_modules/@jridgewell/resolve-uri": {
      "version": "3.1.2",
      "dev": true,
      "license": "MIT",
      "engines": {
        "node": ">=6.0.0"
      }
    },
    "node_modules/@jridgewell/sourcemap-codec": {
      "version": "1.5.5",
      "dev": true,
      "license": "MIT"
    },
    "node_modules/@jridgewell/trace-mapping": {
      "version": "0.3.31",
      "dev": true,
      "license": "MIT",
      "dependencies": {
        "@jridgewell/resolve-uri": "^3.1.0",
        "@jridgewell/sourcemap-codec": "^1.4.14"
      }
    },
    "node_modules/@oxc-project/types": {
      "version": "0.137.0",
      "dev": true,
      "license": "MIT",
      "funding": {
        "url": "https://github.com/sponsors/Boshen"
      }
    },
    "node_modules/@radix-ui/number": {
      "version": "1.1.2",
      "license": "MIT"
    },
    "node_modules/@radix-ui/primitive": {
      "version": "1.1.4",
      "license": "MIT"
    },
    "node_modules/@radix-ui/react-arrow": {
      "version": "1.1.10",
      "license": "MIT",
      "dependencies": {
        "@radix-ui/react-primitive": "2.1.6"
      },
      "peerDependencies": {
        "@types/react": "*",
        "@types/react-dom": "*",
        "react": "^16.8 || ^17.0 || ^18.0 || ^19.0 || ^19.0.0-rc",
        "react-dom": "^16.8 || ^17.0 || ^18.0 || ^19.0 || ^19.0.0-rc"
      },
      "peerDependenciesMeta": {
        "@types/react": {
          "optional": true
        },
        "@types/react-dom": {
          "optional": true
        }
      }
    },
    "node_modules/@radix-ui/react-collection": {
      "version": "1.1.10",
      "license": "MIT",
      "dependencies": {
        "@radix-ui/react-compose-refs": "1.1.3",
        "@radix-ui/react-context": "1.1.4",
        "@radix-ui/react-primitive": "2.1.6",
        "@radix-ui/react-slot": "1.3.0"
      },
      "peerDependencies": {
        "@types/react": "*",
        "@types/react-dom": "*",
        "react": "^16.8 || ^17.0 || ^18.0 || ^19.0 || ^19.0.0-rc",
        "react-dom": "^16.8 || ^17.0 || ^18.0 || ^19.0 || ^19.0.0-rc"
      },
      "peerDependenciesMeta": {
        "@types/react": {
          "optional": true
        },
        "@types/react-dom": {
          "optional": true
        }
      }
    },
    "node_modules/@radix-ui/react-compose-refs": {
      "version": "1.1.3",
      "license": "MIT",
      "peerDependencies": {
        "@types/react": "*",
        "react": "^16.8 || ^17.0 || ^18.0 || ^19.0 || ^19.0.0-rc"
      },
      "peerDependenciesMeta": {
        "@types/react": {
          "optional": true
        }
      }
    },
    "node_modules/@radix-ui/react-context": {
      "version": "1.1.4",
      "license": "MIT",
      "peerDependencies": {
        "@types/react": "*",
        "react": "^16.8 || ^17.0 || ^18.0 || ^19.0 || ^19.0.0-rc"
      },
      "peerDependenciesMeta": {
        "@types/react": {
          "optional": true
        }
      }
    },
    "node_modules/@radix-ui/react-dialog": {
      "version": "1.1.17",
      "license": "MIT",
      "dependencies": {
        "@radix-ui/primitive": "1.1.4",
        "@radix-ui/react-compose-refs": "1.1.3",
        "@radix-ui/react-context": "1.1.4",
        "@radix-ui/react-dismissable-layer": "1.1.13",
        "@radix-ui/react-focus-guards": "1.1.4",
        "@radix-ui/react-focus-scope": "1.1.10",
        "@radix-ui/react-id": "1.1.2",
        "@radix-ui/react-portal": "1.1.12",
        "@radix-ui/react-presence": "1.1.6",
        "@radix-ui/react-primitive": "2.1.6",
        "@radix-ui/react-slot": "1.3.0",
        "@radix-ui/react-use-controllable-state": "1.2.3",
        "aria-hidden": "^1.2.4",
        "react-remove-scroll": "^2.7.2"
      },
      "peerDependencies": {
        "@types/react": "*",
        "@types/react-dom": "*",
        "react": "^16.8 || ^17.0 || ^18.0 || ^19.0 || ^19.0.0-rc",
        "react-dom": "^16.8 || ^17.0 || ^18.0 || ^19.0 || ^19.0.0-rc"
      },
      "peerDependenciesMeta": {
        "@types/react": {
          "optional": true
        },
        "@types/react-dom": {
          "optional": true
        }
      }
    },
    "node_modules/@radix-ui/react-direction": {
      "version": "1.1.2",
      "license": "MIT",
      "peerDependencies": {
        "@types/react": "*",
        "react": "^16.8 || ^17.0 || ^18.0 || ^19.0 || ^19.0.0-rc"
      },
      "peerDependenciesMeta": {
        "@types/react": {
          "optional": true
        }
      }
    },
    "node_modules/@radix-ui/react-dismissable-layer": {
      "version": "1.1.13",
      "license": "MIT",
      "dependencies": {
        "@radix-ui/primitive": "1.1.4",
        "@radix-ui/react-compose-refs": "1.1.3",
        "@radix-ui/react-primitive": "2.1.6",
        "@radix-ui/react-use-callback-ref": "1.1.2",
        "@radix-ui/react-use-escape-keydown": "1.1.2"
      },
      "peerDependencies": {
        "@types/react": "*",
        "@types/react-dom": "*",
        "react": "^16.8 || ^17.0 || ^18.0 || ^19.0 || ^19.0.0-rc",
        "react-dom": "^16.8 || ^17.0 || ^18.0 || ^19.0 || ^19.0.0-rc"
      },
      "peerDependenciesMeta": {
        "@types/react": {
          "optional": true
        },
        "@types/react-dom": {
          "optional": true
        }
      }
    },
    "node_modules/@radix-ui/react-dropdown-menu": {
      "version": "2.1.18",
      "license": "MIT",
      "dependencies": {
        "@radix-ui/primitive": "1.1.4",
        "@radix-ui/react-compose-refs": "1.1.3",
        "@radix-ui/react-context": "1.1.4",
        "@radix-ui/react-id": "1.1.2",
        "@radix-ui/react-menu": "2.1.18",
        "@radix-ui/react-primitive": "2.1.6",
        "@radix-ui/react-use-controllable-state": "1.2.3"
      },
      "peerDependencies": {
        "@types/react": "*",
        "@types/react-dom": "*",
        "react": "^16.8 || ^17.0 || ^18.0 || ^19.0 || ^19.0.0-rc",
        "react-dom": "^16.8 || ^17.0 || ^18.0 || ^19.0 || ^19.0.0-rc"
      },
      "peerDependenciesMeta": {
        "@types/react": {
          "optional": true
        },
        "@types/react-dom": {
          "optional": true
        }
      }
    },
    "node_modules/@radix-ui/react-focus-guards": {
      "version": "1.1.4",
      "license": "MIT",
      "peerDependencies": {
        "@types/react": "*",
        "react": "^16.8 || ^17.0 || ^18.0 || ^19.0 || ^19.0.0-rc"
      },
      "peerDependenciesMeta": {
        "@types/react": {
          "optional": true
        }
      }
    },
    "node_modules/@radix-ui/react-focus-scope": {
      "version": "1.1.10",
      "license": "MIT",
      "dependencies": {
        "@radix-ui/react-compose-refs": "1.1.3",
        "@radix-ui/react-primitive": "2.1.6",
        "@radix-ui/react-use-callback-ref": "1.1.2"
      },
      "peerDependencies": {
        "@types/react": "*",
        "@types/react-dom": "*",
        "react": "^16.8 || ^17.0 || ^18.0 || ^19.0 || ^19.0.0-rc",
        "react-dom": "^16.8 || ^17.0 || ^18.0 || ^19.0 || ^19.0.0-rc"
      },
      "peerDependenciesMeta": {
        "@types/react": {
          "optional": true
        },
        "@types/react-dom": {
          "optional": true
        }
      }
    },
    "node_modules/@radix-ui/react-id": {
      "version": "1.1.2",
      "license": "MIT",
      "dependencies": {
        "@radix-ui/react-use-layout-effect": "1.1.2"
      },
      "peerDependencies": {
        "@types/react": "*",
        "react": "^16.8 || ^17.0 || ^18.0 || ^19.0 || ^19.0.0-rc"
      },
      "peerDependenciesMeta": {
        "@types/react": {
          "optional": true
        }
      }
    },
    "node_modules/@radix-ui/react-menu": {
      "version": "2.1.18",
      "license": "MIT",
      "dependencies": {
        "@radix-ui/primitive": "1.1.4",
        "@radix-ui/react-collection": "1.1.10",
        "@radix-ui/react-compose-refs": "1.1.3",
        "@radix-ui/react-context": "1.1.4",
        "@radix-ui/react-direction": "1.1.2",
        "@radix-ui/react-dismissable-layer": "1.1.13",
        "@radix-ui/react-focus-guards": "1.1.4",
        "@radix-ui/react-focus-scope": "1.1.10",
        "@radix-ui/react-id": "1.1.2",
        "@radix-ui/react-popper": "1.3.1",
        "@radix-ui/react-portal": "1.1.12",
        "@radix-ui/react-presence": "1.1.6",
        "@radix-ui/react-primitive": "2.1.6",
        "@radix-ui/react-roving-focus": "1.1.13",
        "@radix-ui/react-slot": "1.3.0",
        "@radix-ui/react-use-callback-ref": "1.1.2",
        "aria-hidden": "^1.2.4",
        "react-remove-scroll": "^2.7.2"
      },
      "peerDependencies": {
        "@types/react": "*",
        "@types/react-dom": "*",
        "react": "^16.8 || ^17.0 || ^18.0 || ^19.0 || ^19.0.0-rc",
        "react-dom": "^16.8 || ^17.0 || ^18.0 || ^19.0 || ^19.0.0-rc"
      },
      "peerDependenciesMeta": {
        "@types/react": {
          "optional": true
        },
        "@types/react-dom": {
          "optional": true
        }
      }
    },
    "node_modules/@radix-ui/react-popover": {
      "version": "1.1.17",
      "license": "MIT",
      "dependencies": {
        "@radix-ui/primitive": "1.1.4",
        "@radix-ui/react-compose-refs": "1.1.3",
        "@radix-ui/react-context": "1.1.4",
        "@radix-ui/react-dismissable-layer": "1.1.13",
        "@radix-ui/react-focus-guards": "1.1.4",
        "@radix-ui/react-focus-scope": "1.1.10",
        "@radix-ui/react-id": "1.1.2",
        "@radix-ui/react-popper": "1.3.1",
        "@radix-ui/react-portal": "1.1.12",
        "@radix-ui/react-presence": "1.1.6",
        "@radix-ui/react-primitive": "2.1.6",
        "@radix-ui/react-slot": "1.3.0",
        "@radix-ui/react-use-controllable-state": "1.2.3",
        "aria-hidden": "^1.2.4",
        "react-remove-scroll": "^2.7.2"
      },
      "peerDependencies": {
        "@types/react": "*",
        "@types/react-dom": "*",
        "react": "^16.8 || ^17.0 || ^18.0 || ^19.0 || ^19.0.0-rc",
        "react-dom": "^16.8 || ^17.0 || ^18.0 || ^19.0 || ^19.0.0-rc"
      },
      "peerDependenciesMeta": {
        "@types/react": {
          "optional": true
        },
        "@types/react-dom": {
          "optional": true
        }
      }
    },
    "node_modules/@radix-ui/react-popper": {
      "version": "1.3.1",
      "license": "MIT",
      "dependencies": {
        "@floating-ui/react-dom": "^2.0.0",
        "@radix-ui/react-arrow": "1.1.10",
        "@radix-ui/react-compose-refs": "1.1.3",
        "@radix-ui/react-context": "1.1.4",
        "@radix-ui/react-primitive": "2.1.6",
        "@radix-ui/react-use-callback-ref": "1.1.2",
        "@radix-ui/react-use-layout-effect": "1.1.2",
        "@radix-ui/react-use-rect": "1.1.2",
        "@radix-ui/react-use-size": "1.1.2",
        "@radix-ui/rect": "1.1.2"
      },
      "peerDependencies": {
        "@types/react": "*",
        "@types/react-dom": "*",
        "react": "^16.8 || ^17.0 || ^18.0 || ^19.0 || ^19.0.0-rc",
        "react-dom": "^16.8 || ^17.0 || ^18.0 || ^19.0 || ^19.0.0-rc"
      },
      "peerDependenciesMeta": {
        "@types/react": {
          "optional": true
        },
        "@types/react-dom": {
          "optional": true
        }
      }
    },
    "node_modules/@radix-ui/react-portal": {
      "version": "1.1.12",
      "license": "MIT",
      "dependencies": {
        "@radix-ui/react-primitive": "2.1.6",
        "@radix-ui/react-use-layout-effect": "1.1.2"
      },
      "peerDependencies": {
        "@types/react": "*",
        "@types/react-dom": "*",
        "react": "^16.8 || ^17.0 || ^18.0 || ^19.0 || ^19.0.0-rc",
        "react-dom": "^16.8 || ^17.0 || ^18.0 || ^19.0 || ^19.0.0-rc"
      },
      "peerDependenciesMeta": {
        "@types/react": {
          "optional": true
        },
        "@types/react-dom": {
          "optional": true
        }
      }
    },
    "node_modules/@radix-ui/react-presence": {
      "version": "1.1.6",
      "license": "MIT",
      "dependencies": {
        "@radix-ui/react-use-layout-effect": "1.1.2"
      },
      "peerDependencies": {
        "@types/react": "*",
        "@types/react-dom": "*",
        "react": "^16.8 || ^17.0 || ^18.0 || ^19.0 || ^19.0.0-rc",
        "react-dom": "^16.8 || ^17.0 || ^18.0 || ^19.0 || ^19.0.0-rc"
      },
      "peerDependenciesMeta": {
        "@types/react": {
          "optional": true
        },
        "@types/react-dom": {
          "optional": true
        }
      }
    },
    "node_modules/@radix-ui/react-primitive": {
      "version": "2.1.6",
      "license": "MIT",
      "dependencies": {
        "@radix-ui/react-slot": "1.3.0"
      },
      "peerDependencies": {
        "@types/react": "*",
        "@types/react-dom": "*",
        "react": "^16.8 || ^17.0 || ^18.0 || ^19.0 || ^19.0.0-rc",
        "react-dom": "^16.8 || ^17.0 || ^18.0 || ^19.0 || ^19.0.0-rc"
      },
      "peerDependenciesMeta": {
        "@types/react": {
          "optional": true
        },
        "@types/react-dom": {
          "optional": true
        }
      }
    },
    "node_modules/@radix-ui/react-roving-focus": {
      "version": "1.1.13",
      "license": "MIT",
      "dependencies": {
        "@radix-ui/primitive": "1.1.4",
        "@radix-ui/react-collection": "1.1.10",
        "@radix-ui/react-compose-refs": "1.1.3",
        "@radix-ui/react-context": "1.1.4",
        "@radix-ui/react-direction": "1.1.2",
        "@radix-ui/react-id": "1.1.2",
        "@radix-ui/react-primitive": "2.1.6",
        "@radix-ui/react-use-callback-ref": "1.1.2",
        "@radix-ui/react-use-controllable-state": "1.2.3"
      },
      "peerDependencies": {
        "@types/react": "*",
        "@types/react-dom": "*",
        "react": "^16.8 || ^17.0 || ^18.0 || ^19.0 || ^19.0.0-rc",
        "react-dom": "^16.8 || ^17.0 || ^18.0 || ^19.0 || ^19.0.0-rc"
      },
      "peerDependenciesMeta": {
        "@types/react": {
          "optional": true
        },
        "@types/react-dom": {
          "optional": true
        }
      }
    },
    "node_modules/@radix-ui/react-select": {
      "version": "2.3.1",
      "license": "MIT",
      "dependencies": {
        "@radix-ui/number": "1.1.2",
        "@radix-ui/primitive": "1.1.4",
        "@radix-ui/react-collection": "1.1.10",
        "@radix-ui/react-compose-refs": "1.1.3",
        "@radix-ui/react-context": "1.1.4",
        "@radix-ui/react-direction": "1.1.2",
        "@radix-ui/react-dismissable-layer": "1.1.13",
        "@radix-ui/react-focus-guards": "1.1.4",
        "@radix-ui/react-focus-scope": "1.1.10",
        "@radix-ui/react-id": "1.1.2",
        "@radix-ui/react-popper": "1.3.1",
        "@radix-ui/react-portal": "1.1.12",
        "@radix-ui/react-presence": "1.1.6",
        "@radix-ui/react-primitive": "2.1.6",
        "@radix-ui/react-slot": "1.3.0",
        "@radix-ui/react-use-callback-ref": "1.1.2",
        "@radix-ui/react-use-controllable-state": "1.2.3",
        "@radix-ui/react-use-layout-effect": "1.1.2",
        "@radix-ui/react-use-previous": "1.1.2",
        "@radix-ui/react-visually-hidden": "1.2.6",
        "aria-hidden": "^1.2.4",
        "react-remove-scroll": "^2.7.2"
      },
      "peerDependencies": {
        "@types/react": "*",
        "@types/react-dom": "*",
        "react": "^16.8 || ^17.0 || ^18.0 || ^19.0 || ^19.0.0-rc",
        "react-dom": "^16.8 || ^17.0 || ^18.0 || ^19.0 || ^19.0.0-rc"
      },
      "peerDependenciesMeta": {
        "@types/react": {
          "optional": true
        },
        "@types/react-dom": {
          "optional": true
        }
      }
    },
    "node_modules/@radix-ui/react-slot": {
      "version": "1.3.0",
      "license": "MIT",
      "dependencies": {
        "@radix-ui/react-compose-refs": "1.1.3"
      },
      "peerDependencies": {
        "@types/react": "*",
        "react": "^16.8 || ^17.0 || ^18.0 || ^19.0 || ^19.0.0-rc"
      },
      "peerDependenciesMeta": {
        "@types/react": {
          "optional": true
        }
      }
    },
    "node_modules/@radix-ui/react-switch": {
      "version": "1.3.1",
      "license": "MIT",
      "dependencies": {
        "@radix-ui/primitive": "1.1.4",
        "@radix-ui/react-compose-refs": "1.1.3",
        "@radix-ui/react-context": "1.1.4",
        "@radix-ui/react-primitive": "2.1.6",
        "@radix-ui/react-use-controllable-state": "1.2.3",
        "@radix-ui/react-use-previous": "1.1.2",
        "@radix-ui/react-use-size": "1.1.2"
      },
      "peerDependencies": {
        "@types/react": "*",
        "@types/react-dom": "*",
        "react": "^16.8 || ^17.0 || ^18.0 || ^19.0 || ^19.0.0-rc",
        "react-dom": "^16.8 || ^17.0 || ^18.0 || ^19.0 || ^19.0.0-rc"
      },
      "peerDependenciesMeta": {
        "@types/react": {
          "optional": true
        },
        "@types/react-dom": {
          "optional": true
        }
      }
    },
    "node_modules/@radix-ui/react-tabs": {
      "version": "1.1.15",
      "license": "MIT",
      "dependencies": {
        "@radix-ui/primitive": "1.1.4",
        "@radix-ui/react-context": "1.1.4",
        "@radix-ui/react-direction": "1.1.2",
        "@radix-ui/react-id": "1.1.2",
        "@radix-ui/react-presence": "1.1.6",
        "@radix-ui/react-primitive": "2.1.6",
        "@radix-ui/react-roving-focus": "1.1.13",
        "@radix-ui/react-use-controllable-state": "1.2.3"
      },
      "peerDependencies": {
        "@types/react": "*",
        "@types/react-dom": "*",
        "react": "^16.8 || ^17.0 || ^18.0 || ^19.0 || ^19.0.0-rc",
        "react-dom": "^16.8 || ^17.0 || ^18.0 || ^19.0 || ^19.0.0-rc"
      },
      "peerDependenciesMeta": {
        "@types/react": {
          "optional": true
        },
        "@types/react-dom": {
          "optional": true
        }
      }
    },
    "node_modules/@radix-ui/react-use-callback-ref": {
      "version": "1.1.2",
      "license": "MIT",
      "peerDependencies": {
        "@types/react": "*",
        "react": "^16.8 || ^17.0 || ^18.0 || ^19.0 || ^19.0.0-rc"
      },
      "peerDependenciesMeta": {
        "@types/react": {
          "optional": true
        }
      }
    },
    "node_modules/@radix-ui/react-use-controllable-state": {
      "version": "1.2.3",
      "license": "MIT",
      "dependencies": {
        "@radix-ui/react-use-effect-event": "0.0.3",
        "@radix-ui/react-use-layout-effect": "1.1.2"
      },
      "peerDependencies": {
        "@types/react": "*",
        "react": "^16.8 || ^17.0 || ^18.0 || ^19.0 || ^19.0.0-rc"
      },
      "peerDependenciesMeta": {
        "@types/react": {
          "optional": true
        }
      }
    },
    "node_modules/@radix-ui/react-use-effect-event": {
      "version": "0.0.3",
      "license": "MIT",
      "dependencies": {
        "@radix-ui/react-use-layout-effect": "1.1.2"
      },
      "peerDependencies": {
        "@types/react": "*",
        "react": "^16.8 || ^17.0 || ^18.0 || ^19.0 || ^19.0.0-rc"
      },
      "peerDependenciesMeta": {
        "@types/react": {
          "optional": true
        }
      }
    },
    "node_modules/@radix-ui/react-use-escape-keydown": {
      "version": "1.1.2",
      "license": "MIT",
      "dependencies": {
        "@radix-ui/react-use-callback-ref": "1.1.2"
      },
      "peerDependencies": {
        "@types/react": "*",
        "react": "^16.8 || ^17.0 || ^18.0 || ^19.0 || ^19.0.0-rc"
      },
      "peerDependenciesMeta": {
        "@types/react": {
          "optional": true
        }
      }
    },
    "node_modules/@radix-ui/react-use-layout-effect": {
      "version": "1.1.2",
      "license": "MIT",
      "peerDependencies": {
        "@types/react": "*",
        "react": "^16.8 || ^17.0 || ^18.0 || ^19.0 || ^19.0.0-rc"
      },
      "peerDependenciesMeta": {
        "@types/react": {
          "optional": true
        }
      }
    },
    "node_modules/@radix-ui/react-use-previous": {
      "version": "1.1.2",
      "license": "MIT",
      "peerDependencies": {
        "@types/react": "*",
        "react": "^16.8 || ^17.0 || ^18.0 || ^19.0 || ^19.0.0-rc"
      },
      "peerDependenciesMeta": {
        "@types/react": {
          "optional": true
        }
      }
    },
    "node_modules/@radix-ui/react-use-rect": {
      "version": "1.1.2",
      "license": "MIT",
      "dependencies": {
        "@radix-ui/rect": "1.1.2"
      },
      "peerDependencies": {
        "@types/react": "*",
        "react": "^16.8 || ^17.0 || ^18.0 || ^19.0 || ^19.0.0-rc"
      },
      "peerDependenciesMeta": {
        "@types/react": {
          "optional": true
        }
      }
    },
    "node_modules/@radix-ui/react-use-size": {
      "version": "1.1.2",
      "license": "MIT",
      "dependencies": {
        "@radix-ui/react-use-layout-effect": "1.1.2"
      },
      "peerDependencies": {
        "@types/react": "*",
        "react": "^16.8 || ^17.0 || ^18.0 || ^19.0 || ^19.0.0-rc"
      },
      "peerDependenciesMeta": {
        "@types/react": {
          "optional": true
        }
      }
    },
    "node_modules/@radix-ui/react-visually-hidden": {
      "version": "1.2.6",
      "license": "MIT",
      "dependencies": {
        "@radix-ui/react-primitive": "2.1.6"
      },
      "peerDependencies": {
        "@types/react": "*",
        "@types/react-dom": "*",
        "react": "^16.8 || ^17.0 || ^18.0 || ^19.0 || ^19.0.0-rc",
        "react-dom": "^16.8 || ^17.0 || ^18.0 || ^19.0 || ^19.0.0-rc"
      },
      "peerDependenciesMeta": {
        "@types/react": {
          "optional": true
        },
        "@types/react-dom": {
          "optional": true
        }
      }
    },
    "node_modules/@radix-ui/rect": {
      "version": "1.1.2",
      "license": "MIT"
    },
    "node_modules/@rolldown/binding-darwin-arm64": {
      "version": "1.1.2",
      "cpu": [
        "arm64"
      ],
      "dev": true,
      "license": "MIT",
      "optional": true,
      "os": [
        "darwin"
      ],
      "engines": {
        "node": "^20.19.0 || >=22.12.0"
      }
    },
    "node_modules/@rolldown/pluginutils": {
      "version": "1.0.1",
      "dev": true,
      "license": "MIT"
    },
    "node_modules/@tailwindcss/node": {
      "version": "4.3.1",
      "dev": true,
      "license": "MIT",
      "dependencies": {
        "@jridgewell/remapping": "^2.3.5",
        "enhanced-resolve": "5.21.6",
        "jiti": "^2.7.0",
        "lightningcss": "1.32.0",
        "magic-string": "^0.30.21",
        "source-map-js": "^1.2.1",
        "tailwindcss": "4.3.1"
      }
    },
    "node_modules/@tailwindcss/oxide": {
      "version": "4.3.1",
      "dev": true,
      "license": "MIT",
      "engines": {
        "node": ">= 20"
      },
      "optionalDependencies": {
        "@tailwindcss/oxide-android-arm64": "4.3.1",
        "@tailwindcss/oxide-darwin-arm64": "4.3.1",
        "@tailwindcss/oxide-darwin-x64": "4.3.1",
        "@tailwindcss/oxide-freebsd-x64": "4.3.1",
        "@tailwindcss/oxide-linux-arm-gnueabihf": "4.3.1",
        "@tailwindcss/oxide-linux-arm64-gnu": "4.3.1",
        "@tailwindcss/oxide-linux-arm64-musl": "4.3.1",
        "@tailwindcss/oxide-linux-x64-gnu": "4.3.1",
        "@tailwindcss/oxide-linux-x64-musl": "4.3.1",
        "@tailwindcss/oxide-wasm32-wasi": "4.3.1",
        "@tailwindcss/oxide-win32-arm64-msvc": "4.3.1",
        "@tailwindcss/oxide-win32-x64-msvc": "4.3.1"
      }
    },
    "node_modules/@tailwindcss/oxide-darwin-arm64": {
      "version": "4.3.1",
      "cpu": [
        "arm64"
      ],
      "dev": true,
      "license": "MIT",
      "optional": true,
      "os": [
        "darwin"
      ],
      "engines": {
        "node": ">= 20"
      }
    },
    "node_modules/@tailwindcss/vite": {
      "version": "4.3.1",
      "dev": true,
      "license": "MIT",
      "dependencies": {
        "@tailwindcss/node": "4.3.1",
        "@tailwindcss/oxide": "4.3.1",
        "tailwindcss": "4.3.1"
      },
      "peerDependencies": {
        "vite": "^5.2.0 || ^6 || ^7 || ^8"
      }
    },
    "node_modules/@tanstack/query-core": {
      "version": "5.101.1",
      "license": "MIT",
      "funding": {
        "type": "github",
        "url": "https://github.com/sponsors/tannerlinsley"
      }
    },
    "node_modules/@tanstack/react-query": {
      "version": "5.101.1",
      "license": "MIT",
      "dependencies": {
        "@tanstack/query-core": "5.101.1"
      },
      "funding": {
        "type": "github",
        "url": "https://github.com/sponsors/tannerlinsley"
      },
      "peerDependencies": {
        "react": "^18 || ^19"
      }
    },
    "node_modules/@tauri-apps/api": {
      "version": "2.11.1",
      "license": "Apache-2.0 OR MIT",
      "funding": {
        "type": "opencollective",
        "url": "https://opencollective.com/tauri"
      }
    },
    "node_modules/@tauri-apps/cli": {
      "version": "2.11.3",
      "dev": true,
      "license": "Apache-2.0 OR MIT",
      "bin": {
        "tauri": "tauri.js"
      },
      "engines": {
        "node": ">= 10"
      },
      "funding": {
        "type": "opencollective",
        "url": "https://opencollective.com/tauri"
      },
      "optionalDependencies": {
        "@tauri-apps/cli-darwin-arm64": "2.11.3",
        "@tauri-apps/cli-darwin-x64": "2.11.3",
        "@tauri-apps/cli-linux-arm-gnueabihf": "2.11.3",
        "@tauri-apps/cli-linux-arm64-gnu": "2.11.3",
        "@tauri-apps/cli-linux-arm64-musl": "2.11.3",
        "@tauri-apps/cli-linux-riscv64-gnu": "2.11.3",
        "@tauri-apps/cli-linux-x64-gnu": "2.11.3",
        "@tauri-apps/cli-linux-x64-musl": "2.11.3",
        "@tauri-apps/cli-win32-arm64-msvc": "2.11.3",
        "@tauri-apps/cli-win32-ia32-msvc": "2.11.3",
        "@tauri-apps/cli-win32-x64-msvc": "2.11.3"
      }
    },
    "node_modules/@tauri-apps/cli-darwin-arm64": {
      "version": "2.11.3",
      "cpu": [
        "arm64"
      ],
      "dev": true,
      "license": "Apache-2.0 OR MIT",
      "optional": true,
      "os": [
        "darwin"
      ],
      "engines": {
        "node": ">= 10"
      }
    },
    "node_modules/@tauri-apps/plugin-dialog": {
      "version": "2.7.1",
      "license": "MIT OR Apache-2.0",
      "dependencies": {
        "@tauri-apps/api": "^2.11.0"
      }
    },
    "node_modules/@types/react": {
      "version": "19.2.17",
      "devOptional": true,
      "license": "MIT",
      "dependencies": {
        "csstype": "^3.2.2"
      }
    },
    "node_modules/@types/react-dom": {
      "version": "19.2.3",
      "devOptional": true,
      "license": "MIT",
      "peerDependencies": {
        "@types/react": "^19.2.0"
      }
    },
    "node_modules/@vitejs/plugin-react": {
      "version": "6.0.3",
      "dev": true,
      "license": "MIT",
      "dependencies": {
        "@rolldown/pluginutils": "^1.0.1"
      },
      "engines": {
        "node": "^20.19.0 || >=22.12.0"
      },
      "peerDependencies": {
        "@rolldown/plugin-babel": "^0.1.7 || ^0.2.0",
        "babel-plugin-react-compiler": "^1.0.0",
        "vite": "^8.0.0"
      },
      "peerDependenciesMeta": {
        "@rolldown/plugin-babel": {
          "optional": true
        },
        "babel-plugin-react-compiler": {
          "optional": true
        }
      }
    },
    "node_modules/@xterm/addon-fit": {
      "version": "0.11.0",
      "resolved": "https://registry.npmjs.org/@xterm/addon-fit/-/addon-fit-0.11.0.tgz",
      "integrity": "sha512-jYcgT6xtVYhnhgxh3QgYDnnNMYTcf8ElbxxFzX0IZo+vabQqSPAjC3c1wJrKB5E19VwQei89QCiZZP86DCPF7g==",
      "license": "MIT"
    },
    "node_modules/@xterm/xterm": {
      "version": "6.0.0",
      "resolved": "https://registry.npmjs.org/@xterm/xterm/-/xterm-6.0.0.tgz",
      "integrity": "sha512-TQwDdQGtwwDt+2cgKDLn0IRaSxYu1tSUjgKarSDkUM0ZNiSRXFpjxEsvc/Zgc5kq5omJ+V0a8/kIM2WD3sMOYg==",
      "license": "MIT",
      "workspaces": [
        "addons/*"
      ]
    },
    "node_modules/aria-hidden": {
      "version": "1.2.6",
      "license": "MIT",
      "dependencies": {
        "tslib": "^2.0.0"
      },
      "engines": {
        "node": ">=10"
      }
    },
    "node_modules/csstype": {
      "version": "3.2.3",
      "devOptional": true,
      "license": "MIT"
    },
    "node_modules/detect-libc": {
      "version": "2.1.2",
      "dev": true,
      "license": "Apache-2.0",
      "engines": {
        "node": ">=8"
      }
    },
    "node_modules/detect-node-es": {
      "version": "1.1.0",
      "license": "MIT"
    },
    "node_modules/enhanced-resolve": {
      "version": "5.21.6",
      "dev": true,
      "license": "MIT",
      "dependencies": {
        "graceful-fs": "^4.2.4",
        "tapable": "^2.3.3"
      },
      "engines": {
        "node": ">=10.13.0"
      }
    },
    "node_modules/fdir": {
      "version": "6.5.0",
      "dev": true,
      "license": "MIT",
      "engines": {
        "node": ">=12.0.0"
      },
      "peerDependencies": {
        "picomatch": "^3 || ^4"
      },
      "peerDependenciesMeta": {
        "picomatch": {
          "optional": true
        }
      }
    },
    "node_modules/fsevents": {
      "version": "2.3.3",
      "dev": true,
      "license": "MIT",
      "optional": true,
      "os": [
        "darwin"
      ],
      "engines": {
        "node": "^8.16.0 || ^10.6.0 || >=11.0.0"
      }
    },
    "node_modules/get-nonce": {
      "version": "1.0.1",
      "license": "MIT",
      "engines": {
        "node": ">=6"
      }
    },
    "node_modules/graceful-fs": {
      "version": "4.2.11",
      "dev": true,
      "license": "ISC"
    },
    "node_modules/jiti": {
      "version": "2.7.0",
      "dev": true,
      "license": "MIT",
      "bin": {
        "jiti": "lib/jiti-cli.mjs"
      }
    },
    "node_modules/lightningcss": {
      "version": "1.32.0",
      "dev": true,
      "license": "MPL-2.0",
      "dependencies": {
        "detect-libc": "^2.0.3"
      },
      "engines": {
        "node": ">= 12.0.0"
      },
      "funding": {
        "type": "opencollective",
        "url": "https://opencollective.com/parcel"
      },
      "optionalDependencies": {
        "lightningcss-android-arm64": "1.32.0",
        "lightningcss-darwin-arm64": "1.32.0",
        "lightningcss-darwin-x64": "1.32.0",
        "lightningcss-freebsd-x64": "1.32.0",
        "lightningcss-linux-arm-gnueabihf": "1.32.0",
        "lightningcss-linux-arm64-gnu": "1.32.0",
        "lightningcss-linux-arm64-musl": "1.32.0",
        "lightningcss-linux-x64-gnu": "1.32.0",
        "lightningcss-linux-x64-musl": "1.32.0",
        "lightningcss-win32-arm64-msvc": "1.32.0",
        "lightningcss-win32-x64-msvc": "1.32.0"
      }
    },
    "node_modules/lightningcss-darwin-arm64": {
      "version": "1.32.0",
      "cpu": [
        "arm64"
      ],
      "dev": true,
      "license": "MPL-2.0",
      "optional": true,
      "os": [
        "darwin"
      ],
      "engines": {
        "node": ">= 12.0.0"
      },
      "funding": {
        "type": "opencollective",
        "url": "https://opencollective.com/parcel"
      }
    },
    "node_modules/lucide-react": {
      "version": "1.21.0",
      "license": "ISC",
      "peerDependencies": {
        "react": "^16.5.1 || ^17.0.0 || ^18.0.0 || ^19.0.0"
      }
    },
    "node_modules/magic-string": {
      "version": "0.30.21",
      "dev": true,
      "license": "MIT",
      "dependencies": {
        "@jridgewell/sourcemap-codec": "^1.5.5"
      }
    },
    "node_modules/nanoid": {
      "version": "3.3.15",
      "dev": true,
      "funding": [
        {
          "type": "github",
          "url": "https://github.com/sponsors/ai"
        }
      ],
      "license": "MIT",
      "bin": {
        "nanoid": "bin/nanoid.cjs"
      },
      "engines": {
        "node": "^10 || ^12 || ^13.7 || ^14 || >=15.0.1"
      }
    },
    "node_modules/picocolors": {
      "version": "1.1.1",
      "dev": true,
      "license": "ISC"
    },
    "node_modules/picomatch": {
      "version": "4.0.4",
      "dev": true,
      "license": "MIT",
      "engines": {
        "node": ">=12"
      },
      "funding": {
        "url": "https://github.com/sponsors/jonschlinkert"
      }
    },
    "node_modules/postcss": {
      "version": "8.5.15",
      "dev": true,
      "funding": [
        {
          "type": "opencollective",
          "url": "https://opencollective.com/postcss/"
        },
        {
          "type": "tidelift",
          "url": "https://tidelift.com/funding/github/npm/postcss"
        },
        {
          "type": "github",
          "url": "https://github.com/sponsors/ai"
        }
      ],
      "license": "MIT",
      "dependencies": {
        "nanoid": "^3.3.12",
        "picocolors": "^1.1.1",
        "source-map-js": "^1.2.1"
      },
      "engines": {
        "node": "^10 || ^12 || >=14"
      }
    },
    "node_modules/react": {
      "version": "19.2.7",
      "license": "MIT",
      "engines": {
        "node": ">=0.10.0"
      }
    },
    "node_modules/react-dom": {
      "version": "19.2.7",
      "license": "MIT",
      "dependencies": {
        "scheduler": "^0.27.0"
      },
      "peerDependencies": {
        "react": "^19.2.7"
      }
    },
    "node_modules/react-remove-scroll": {
      "version": "2.7.2",
      "license": "MIT",
      "dependencies": {
        "react-remove-scroll-bar": "^2.3.7",
        "react-style-singleton": "^2.2.3",
        "tslib": "^2.1.0",
        "use-callback-ref": "^1.3.3",
        "use-sidecar": "^1.1.3"
      },
      "engines": {
        "node": ">=10"
      },
      "peerDependencies": {
        "@types/react": "*",
        "react": "^16.8.0 || ^17.0.0 || ^18.0.0 || ^19.0.0 || ^19.0.0-rc"
      },
      "peerDependenciesMeta": {
        "@types/react": {
          "optional": true
        }
      }
    },
    "node_modules/react-remove-scroll-bar": {
      "version": "2.3.8",
      "license": "MIT",
      "dependencies": {
        "react-style-singleton": "^2.2.2",
        "tslib": "^2.0.0"
      },
      "engines": {
        "node": ">=10"
      },
      "peerDependencies": {
        "@types/react": "*",
        "react": "^16.8.0 || ^17.0.0 || ^18.0.0 || ^19.0.0"
      },
      "peerDependenciesMeta": {
        "@types/react": {
          "optional": true
        }
      }
    },
    "node_modules/react-style-singleton": {
      "version": "2.2.3",
      "license": "MIT",
      "dependencies": {
        "get-nonce": "^1.0.0",
        "tslib": "^2.0.0"
      },
      "engines": {
        "node": ">=10"
      },
      "peerDependencies": {
        "@types/react": "*",
        "react": "^16.8.0 || ^17.0.0 || ^18.0.0 || ^19.0.0 || ^19.0.0-rc"
      },
      "peerDependenciesMeta": {
        "@types/react": {
          "optional": true
        }
      }
    },
    "node_modules/rolldown": {
      "version": "1.1.2",
      "dev": true,
      "license": "MIT",
      "dependencies": {
        "@oxc-project/types": "=0.137.0",
        "@rolldown/pluginutils": "^1.0.0"
      },
      "bin": {
        "rolldown": "bin/cli.mjs"
      },
      "engines": {
        "node": "^20.19.0 || >=22.12.0"
      },
      "optionalDependencies": {
        "@rolldown/binding-android-arm64": "1.1.2",
        "@rolldown/binding-darwin-arm64": "1.1.2",
        "@rolldown/binding-darwin-x64": "1.1.2",
        "@rolldown/binding-freebsd-x64": "1.1.2",
        "@rolldown/binding-linux-arm-gnueabihf": "1.1.2",
        "@rolldown/binding-linux-arm64-gnu": "1.1.2",
        "@rolldown/binding-linux-arm64-musl": "1.1.2",
        "@rolldown/binding-linux-ppc64-gnu": "1.1.2",
        "@rolldown/binding-linux-s390x-gnu": "1.1.2",
        "@rolldown/binding-linux-x64-gnu": "1.1.2",
        "@rolldown/binding-linux-x64-musl": "1.1.2",
        "@rolldown/binding-openharmony-arm64": "1.1.2",
        "@rolldown/binding-wasm32-wasi": "1.1.2",
        "@rolldown/binding-win32-arm64-msvc": "1.1.2",
        "@rolldown/binding-win32-x64-msvc": "1.1.2"
      }
    },
    "node_modules/scheduler": {
      "version": "0.27.0",
      "license": "MIT"
    },
    "node_modules/source-map-js": {
      "version": "1.2.1",
      "dev": true,
      "license": "BSD-3-Clause",
      "engines": {
        "node": ">=0.10.0"
      }
    },
    "node_modules/tailwindcss": {
      "version": "4.3.1",
      "dev": true,
      "license": "MIT"
    },
    "node_modules/tapable": {
      "version": "2.3.3",
      "dev": true,
      "license": "MIT",
      "engines": {
        "node": ">=6"
      },
      "funding": {
        "type": "opencollective",
        "url": "https://opencollective.com/webpack"
      }
    },
    "node_modules/tinyglobby": {
      "version": "0.2.17",
      "dev": true,
      "license": "MIT",
      "dependencies": {
        "fdir": "^6.5.0",
        "picomatch": "^4.0.4"
      },
      "engines": {
        "node": ">=12.0.0"
      },
      "funding": {
        "url": "https://github.com/sponsors/SuperchupuDev"
      }
    },
    "node_modules/tslib": {
      "version": "2.8.1",
      "license": "0BSD"
    },
    "node_modules/typescript": {
      "version": "6.0.3",
      "dev": true,
      "license": "Apache-2.0",
      "bin": {
        "tsc": "bin/tsc",
        "tsserver": "bin/tsserver"
      },
      "engines": {
        "node": ">=14.17"
      }
    },
    "node_modules/use-callback-ref": {
      "version": "1.3.3",
      "license": "MIT",
      "dependencies": {
        "tslib": "^2.0.0"
      },
      "engines": {
        "node": ">=10"
      },
      "peerDependencies": {
        "@types/react": "*",
        "react": "^16.8.0 || ^17.0.0 || ^18.0.0 || ^19.0.0 || ^19.0.0-rc"
      },
      "peerDependenciesMeta": {
        "@types/react": {
          "optional": true
        }
      }
    },
    "node_modules/use-sidecar": {
      "version": "1.1.3",
      "license": "MIT",
      "dependencies": {
        "detect-node-es": "^1.1.0",
        "tslib": "^2.0.0"
      },
      "engines": {
        "node": ">=10"
      },
      "peerDependencies": {
        "@types/react": "*",
        "react": "^16.8.0 || ^17.0.0 || ^18.0.0 || ^19.0.0 || ^19.0.0-rc"
      },
      "peerDependenciesMeta": {
        "@types/react": {
          "optional": true
        }
      }
    },
    "node_modules/vite": {
      "version": "8.1.0",
      "dev": true,
      "license": "MIT",
      "dependencies": {
        "lightningcss": "^1.32.0",
        "picomatch": "^4.0.4",
        "postcss": "^8.5.15",
        "rolldown": "~1.1.2",
        "tinyglobby": "^0.2.17"
      },
      "bin": {
        "vite": "bin/vite.js"
      },
      "engines": {
        "node": "^20.19.0 || >=22.12.0"
      },
      "funding": {
        "url": "https://github.com/vitejs/vite?sponsor=1"
      },
      "optionalDependencies": {
        "fsevents": "~2.3.3"
      },
      "peerDependencies": {
        "@types/node": "^20.19.0 || >=22.12.0",
        "@vitejs/devtools": "^0.3.0",
        "esbuild": "^0.27.0 || ^0.28.0",
        "jiti": ">=1.21.0",
        "less": "^4.0.0",
        "sass": "^1.70.0",
        "sass-embedded": "^1.70.0",
        "stylus": ">=0.54.8",
        "sugarss": "^5.0.0",
        "terser": "^5.16.0",
        "tsx": "^4.8.1",
        "yaml": "^2.4.2"
      },
      "peerDependenciesMeta": {
        "@types/node": {
          "optional": true
        },
        "@vitejs/devtools": {
          "optional": true
        },
        "esbuild": {
          "optional": true
        },
        "jiti": {
          "optional": true
        },
        "less": {
          "optional": true
        },
        "sass": {
          "optional": true
        },
        "sass-embedded": {
          "optional": true
        },
        "stylus": {
          "optional": true
        },
        "sugarss": {
          "optional": true
        },
        "terser": {
          "optional": true
        },
        "tsx": {
          "optional": true
        },
        "yaml": {
          "optional": true
        }
      }
    },
    "node_modules/zustand": {
      "version": "5.0.14",
      "license": "MIT",
      "engines": {
        "node": ">=12.20.0"
      },
      "peerDependencies": {
        "@types/react": ">=18.0.0",
        "immer": ">=9.0.6",
        "react": ">=18.0.0",
        "use-sync-external-store": ">=1.2.0"
      },
      "peerDependenciesMeta": {
        "@types/react": {
          "optional": true
        },
        "immer": {
          "optional": true
        },
        "react": {
          "optional": true
        },
        "use-sync-external-store": {
          "optional": true
        }
      }
    }
  }
}
